
Microsoft Visual Studio Solution File, Format Version 12.00
# Visual Studio Version 17
VisualStudioVersion = 17.5.002.0
MinimumVisualStudioVersion = 10.0.40219.1
Project("{9A19103F-16F7-4668-BE54-9A1E7A4F7556}") = "math_game", "math_game.csproj", "{46D49D9B-2E20-4085-84FC-0A3930671CD7}"
EndProject
Global
	GlobalSection(SolutionConfigurationPlatforms) = preSolution
		Debug|Any CPU = Debug|Any CPU
		Release|Any CPU = Release|Any CPU
	EndGlobalSection
	GlobalSection(ProjectConfigurationPlatforms) = postSolution
		{46D49D9B-2E20-4085-84FC-0A3930671CD7}.Debug|Any CPU.ActiveCfg = Debug|Any CPU
		{46D49D9B-2E20-4085-84FC-0A3930671CD7}.Debug|Any CPU.Build.0 = Debug|Any CPU
		{46D49D9B-2E20-4085-84FC-0A3930671CD7}.Release|Any CPU.ActiveCfg = Release|Any CPU
		{46D49D9B-2E20-4085-84FC-0A3930671CD7}.Release|Any CPU.Build.0 = Release|Any CPU
	EndGlobalSection
	GlobalSection(SolutionProperties) = preSolution
		HideSolutionNode = FALSE
	EndGlobalSection
	GlobalSection(ExtensibilityGlobals) = postSolution
		SolutionGuid = {85E73500-8AFF-4F9F-B1E0-96CF3D1EEF8B}
	EndGlobalSection
EndGlobal
